<?xml version="1.0" encoding="utf-8"?>
<Project ToolsVersion="4.0" xmlns="http://schemas.microsoft.com/developer/msbuild/2003">
  <ItemGroup>
    <Filter Include="Source Files">
      <UniqueIdentifier>{4FC737F1-C7A5-4376-A066-2A32D752A2FF}</UniqueIdentifier>
      <Extensions>cpp;cxx;c;def</Extensions>
    </Filter>
    <Filter Include="Header Files">
      <UniqueIdentifier>{93995380-89BD-4b04-88EB-625FBE52EBFB}</UniqueIdentifier>
      <Extensions>h</Extensions>
    </Filter>
    <Filter Include="Resource Files">
      <UniqueIdentifier>{D9D6E242-F8AF-46E4-B9FD-80ECBC20BA3E}</UniqueIdentifier>
      <Extensions>qrc;*</Extensions>
      <ParseFiles>false</ParseFiles>
    </Filter>
    <Filter Include="Generated Files">
      <UniqueIdentifier>{71ED8ED8-ACB9-4CE9-BBE1-E00B30144E11}</UniqueIdentifier>
      <Extensions>moc;h;cpp</Extensions>
      <SourceControlFiles>False</SourceControlFiles>
    </Filter>
    <Filter Include="Generated Files\Debug">
      <UniqueIdentifier>{652404a3-58c3-4ab3-b04a-6c4859f137d3}</UniqueIdentifier>
      <Extensions>cpp;moc</Extensions>
      <SourceControlFiles>False</SourceControlFiles>
    </Filter>
    <Filter Include="Generated Files\Release">
      <UniqueIdentifier>{3f0c8c2b-f923-420c-b5c8-a80e0b8c950c}</UniqueIdentifier>
      <Extensions>cpp;moc</Extensions>
      <SourceControlFiles>False</SourceControlFiles>
    </Filter>
    <Filter Include="Generated Files\ChinaDebug">
      <UniqueIdentifier>{34a512e0-ccab-4ebe-8cc0-d65d0b11cb98}</UniqueIdentifier>
      <Extensions>cpp;moc</Extensions>
      <SourceControlFiles>False</SourceControlFiles>
    </Filter>
    <Filter Include="Generated Files\ChinaRelease">
      <UniqueIdentifier>{e5899ff0-e876-4cd5-95ae-6ca0b63c4431}</UniqueIdentifier>
      <Extensions>cpp;moc</Extensions>
      <SourceControlFiles>False</SourceControlFiles>
    </Filter>
    <Filter Include="Generated Files\ThaiDebug">
      <UniqueIdentifier>{c0c9f991-9aa7-4fb6-9fc5-c165df5ab722}</UniqueIdentifier>
      <Extensions>cpp;moc</Extensions>
      <SourceControlFiles>False</SourceControlFiles>
    </Filter>
    <Filter Include="Generated Files\ThaiRelease">
      <UniqueIdentifier>{9a98b422-573b-4900-ad51-008299fa15f0}</UniqueIdentifier>
      <Extensions>cpp;moc</Extensions>
      <SourceControlFiles>False</SourceControlFiles>
    </Filter>
  </ItemGroup>
  <ItemGroup>
    <ClCompile Include="stdafx.cpp">
      <Filter>Source Files</Filter>
    </ClCompile>
    <ClCompile Include="main.cpp">
      <Filter>Source Files</Filter>
    </ClCompile>
    <ClCompile Include="GeneratedFiles\qrc_aobscanner.cpp">
      <Filter>Generated Files</Filter>
    </ClCompile>
    <ClCompile Include="CMainWindow.cpp">
      <Filter>Source Files</Filter>
    </ClCompile>
    <ClCompile Include="GeneratedFiles\Debug\moc_CMainWindow.cpp">
      <Filter>Generated Files\Debug</Filter>
    </ClCompile>
    <ClCompile Include="GeneratedFiles\Release\moc_CMainWindow.cpp">
      <Filter>Generated Files\Release</Filter>
    </ClCompile>
    <ClCompile Include="CComboBoxDelegate.cpp">
      <Filter>Source Files</Filter>
    </ClCompile>
    <ClCompile Include="GeneratedFiles\Debug\moc_CComboBoxDelegate.cpp">
      <Filter>Generated Files\Debug</Filter>
    </ClCompile>
    <ClCompile Include="GeneratedFiles\Release\moc_CComboBoxDelegate.cpp">
      <Filter>Generated Files\Release</Filter>
    </ClCompile>
    <ClCompile Include="CProcessDialog.cpp">
      <Filter>Source Files</Filter>
    </ClCompile>
    <ClCompile Include="GeneratedFiles\Debug\moc_CProcessDialog.cpp">
      <Filter>Generated Files\Debug</Filter>
    </ClCompile>
    <ClCompile Include="GeneratedFiles\Release\moc_CProcessDialog.cpp">
      <Filter>Generated Files\Release</Filter>
    </ClCompile>
    <ClCompile Include="CIntDelegate.cpp">
      <Filter>Source Files</Filter>
    </ClCompile>
    <ClCompile Include="GeneratedFiles\Debug\moc_CIntDelegate.cpp">
      <Filter>Generated Files\Debug</Filter>
    </ClCompile>
    <ClCompile Include="GeneratedFiles\Release\moc_CIntDelegate.cpp">
      <Filter>Generated Files\Release</Filter>
    </ClCompile>
    <ClCompile Include="findpattern.cpp">
      <Filter>Source Files</Filter>
    </ClCompile>
    <ClCompile Include="CFindPatternWorker.cpp">
      <Filter>Source Files</Filter>
    </ClCompile>
    <ClCompile Include="GeneratedFiles\ChinaDebug\moc_CFindPatternWorker.cpp">
      <Filter>Generated Files\ChinaDebug</Filter>
    </ClCompile>
    <ClCompile Include="GeneratedFiles\ChinaRelease\moc_CFindPatternWorker.cpp">
      <Filter>Generated Files\ChinaRelease</Filter>
    </ClCompile>
    <ClCompile Include="GeneratedFiles\ThaiDebug\moc_CFindPatternWorker.cpp">
      <Filter>Generated Files\ThaiDebug</Filter>
    </ClCompile>
    <ClCompile Include="GeneratedFiles\Debug\moc_CFindPatternWorker.cpp">
      <Filter>Generated Files\Debug</Filter>
    </ClCompile>
    <ClCompile Include="GeneratedFiles\Release\moc_CFindPatternWorker.cpp">
      <Filter>Generated Files\Release</Filter>
    </ClCompile>
    <ClCompile Include="GeneratedFiles\ThaiRelease\moc_CFindPatternWorker.cpp">
      <Filter>Generated Files\ThaiRelease</Filter>
    </ClCompile>
    <ClCompile Include="CAoBScannerModel.cpp">
      <Filter>Source Files</Filter>
    </ClCompile>
    <ClCompile Include="GeneratedFiles\ChinaDebug\moc_CAoBScannerModel.cpp">
      <Filter>Generated Files\ChinaDebug</Filter>
    </ClCompile>
    <ClCompile Include="GeneratedFiles\ChinaRelease\moc_CAoBScannerModel.cpp">
      <Filter>Generated Files\ChinaRelease</Filter>
    </ClCompile>
    <ClCompile Include="GeneratedFiles\ThaiDebug\moc_CAoBScannerModel.cpp">
      <Filter>Generated Files\ThaiDebug</Filter>
    </ClCompile>
    <ClCompile Include="GeneratedFiles\Debug\moc_CAoBScannerModel.cpp">
      <Filter>Generated Files\Debug</Filter>
    </ClCompile>
    <ClCompile Include="GeneratedFiles\Release\moc_CAoBScannerModel.cpp">
      <Filter>Generated Files\Release</Filter>
    </ClCompile>
    <ClCompile Include="GeneratedFiles\ThaiRelease\moc_CAoBScannerModel.cpp">
      <Filter>Generated Files\ThaiRelease</Filter>
    </ClCompile>
  </ItemGroup>
  <ItemGroup>
    <ClInclude Include="stdafx.h">
      <Filter>Header Files</Filter>
    </ClInclude>
    <ClInclude Include="findpattern.hpp">
      <Filter>Header Files</Filter>
    </ClInclude>
  </ItemGroup>
  <ItemGroup>
    <CustomBuild Include="aobscanner.qrc">
      <Filter>Resource Files</Filter>
    </CustomBuild>
    <CustomBuild Include="CMainWindow.hpp">
      <Filter>Header Files</Filter>
    </CustomBuild>
    <CustomBuild Include="CComboBoxDelegate.hpp">
      <Filter>Header Files</Filter>
    </CustomBuild>
    <CustomBuild Include="CProcessDialog.hpp">
      <Filter>Header Files</Filter>
    </CustomBuild>
    <CustomBuild Include="CIntDelegate.hpp">
      <Filter>Header Files</Filter>
    </CustomBuild>
    <CustomBuild Include="CFindPatternWorker.hpp">
      <Filter>Header Files</Filter>
    </CustomBuild>
    <CustomBuild Include="CAoBScannerModel.hpp">
      <Filter>Header Files</Filter>
    </CustomBuild>
  </ItemGroup>
</Project>